
Microsoft Visual Studio Solution File, Format Version 12.00
# Visual Studio Version 17
VisualStudioVersion = 17.11.35219.272
MinimumVisualStudioVersion = 10.0.40219.1
Project("{8BC9CEB8-8B4A-11D0-8D11-00A0C91BC942}") = "TicTacToeCpp", "TicTacToeCpp\TicTacToeCpp.vcxproj", "{4CDE5495-108A-4181-B75C-91134A0FDE94}"
EndProject
Global
	GlobalSection(SolutionConfigurationPlatforms) = preSolution
		Debug|x64 = Debug|x64
		Debug|x86 = Debug|x86
		Debug-Client|x64 = Debug-Client|x64
		Debug-Client|x86 = Debug-Client|x86
		Release_Client|x64 = Release_Client|x64
		Release_Client|x86 = Release_Client|x86
		Release|x64 = Release|x64
		Release|x86 = Release|x86
	EndGlobalSection
	GlobalSection(ProjectConfigurationPlatforms) = postSolution
		{4CDE5495-108A-4181-B75C-91134A0FDE94}.Debug|x64.ActiveCfg = Debug-Server|x64
		{4CDE5495-108A-4181-B75C-91134A0FDE94}.Debug|x64.Build.0 = Debug-Server|x64
		{4CDE5495-108A-4181-B75C-91134A0FDE94}.Debug|x86.ActiveCfg = Debug-Server|x64
		{4CDE5495-108A-4181-B75C-91134A0FDE94}.Debug-Client|x64.ActiveCfg = Debug-Client|x64
		{4CDE5495-108A-4181-B75C-91134A0FDE94}.Debug-Client|x64.Build.0 = Debug-Client|x64
		{4CDE5495-108A-4181-B75C-91134A0FDE94}.Debug-Client|x86.ActiveCfg = Debug-Client|x64
		{4CDE5495-108A-4181-B75C-91134A0FDE94}.Release_Client|x64.ActiveCfg = Release_Client|x64
		{4CDE5495-108A-4181-B75C-91134A0FDE94}.Release_Client|x64.Build.0 = Release_Client|x64
		{4CDE5495-108A-4181-B75C-91134A0FDE94}.Release_Client|x86.ActiveCfg = Release_Client|x64
		{4CDE5495-108A-4181-B75C-91134A0FDE94}.Release|x64.ActiveCfg = Release-Server|x64
		{4CDE5495-108A-4181-B75C-91134A0FDE94}.Release|x64.Build.0 = Release-Server|x64
		{4CDE5495-108A-4181-B75C-91134A0FDE94}.Release|x86.ActiveCfg = Release-Server|x64
	EndGlobalSection
	GlobalSection(SolutionProperties) = preSolution
		HideSolutionNode = FALSE
	EndGlobalSection
	GlobalSection(ExtensibilityGlobals) = postSolution
		SolutionGuid = {1436C319-F091-4A23-9275-D1323A256B0A}
	EndGlobalSection
EndGlobal
